
Microsoft Visual Studio Solution File, Format Version 12.00
# Visual Studio Version 16
VisualStudioVersion = 16.0.31624.102
MinimumVisualStudioVersion = 10.0.40219.1
Project("{9A19103F-16F7-4668-BE54-9A1E7A4F7556}") = "MyFirstReactProject", "MyFirstReactProject\MyFirstReactProject.csproj", "{4D3EF15A-7AAD-483A-B6BC-CACE4BD5A538}"
EndProject
Global
	GlobalSection(SolutionConfigurationPlatforms) = preSolution
		Debug|Any CPU = Debug|Any CPU
		Release|Any CPU = Release|Any CPU
	EndGlobalSection
	GlobalSection(ProjectConfigurationPlatforms) = postSolution
		{4D3EF15A-7AAD-483A-B6BC-CACE4BD5A538}.Debug|Any CPU.ActiveCfg = Debug|Any CPU
		{4D3EF15A-7AAD-483A-B6BC-CACE4BD5A538}.Debug|Any CPU.Build.0 = Debug|Any CPU
		{4D3EF15A-7AAD-483A-B6BC-CACE4BD5A538}.Release|Any CPU.ActiveCfg = Release|Any CPU
		{4D3EF15A-7AAD-483A-B6BC-CACE4BD5A538}.Release|Any CPU.Build.0 = Release|Any CPU
	EndGlobalSection
	GlobalSection(SolutionProperties) = preSolution
		HideSolutionNode = FALSE
	EndGlobalSection
	GlobalSection(ExtensibilityGlobals) = postSolution
		SolutionGuid = {6D2285E8-AFDB-493D-BE54-ADEF363304BB}
	EndGlobalSection
EndGlobal
